
Microsoft Visual Studio Solution File, Format Version 12.00
# Visual Studio Version 17
VisualStudioVersion = 17.5.33516.290
MinimumVisualStudioVersion = 10.0.40219.1
Project("{FAE04EC0-301F-11D3-BF4B-00C04F79EFBC}") = "PictureViewer", "PictureViewer\PictureViewer.csproj", "{703CB344-A4A1-47E4-8E93-725A0D2DEFA8}"
EndProject
Global
	GlobalSection(SolutionConfigurationPlatforms) = preSolution
		Debug|Any CPU = Debug|Any CPU
		Release|Any CPU = Release|Any CPU
	EndGlobalSection
	GlobalSection(ProjectConfigurationPlatforms) = postSolution
		{703CB344-A4A1-47E4-8E93-725A0D2DEFA8}.Debug|Any CPU.ActiveCfg = Debug|Any CPU
		{703CB344-A4A1-47E4-8E93-725A0D2DEFA8}.Debug|Any CPU.Build.0 = Debug|Any CPU
		{703CB344-A4A1-47E4-8E93-725A0D2DEFA8}.Release|Any CPU.ActiveCfg = Release|Any CPU
		{703CB344-A4A1-47E4-8E93-725A0D2DEFA8}.Release|Any CPU.Build.0 = Release|Any CPU
	EndGlobalSection
	GlobalSection(SolutionProperties) = preSolution
		HideSolutionNode = FALSE
	EndGlobalSection
	GlobalSection(ExtensibilityGlobals) = postSolution
		SolutionGuid = {CBC992D1-0085-4F97-A7C3-DAB0A150C60C}
	EndGlobalSection
EndGlobal
